
Microsoft Visual Studio Solution File, Format Version 12.00
# Visual Studio 2013
VisualStudioVersion = 12.0.40629.0
MinimumVisualStudioVersion = 10.0.40219.1
Project("{FAE04EC0-301F-11D3-BF4B-00C04F79EFBC}") = "WinFormsApp1", "WinFormsApp1\WinFormsApp1.csproj", "{A75EF098-8072-44DB-86C5-791AC63BA341}"
EndProject
Project("{FAE04EC0-301F-11D3-BF4B-00C04F79EFBC}") = "CheckUpdateVersion", "CheckUpdateVersion\CheckUpdateVersion.csproj", "{3B3840AC-618A-4A79-9084-593214875ED5}"
	ProjectSection(ProjectDependencies) = postProject
		{A75EF098-8072-44DB-86C5-791AC63BA341} = {A75EF098-8072-44DB-86C5-791AC63BA341}
	EndProjectSection
EndProject
Project("{6141683F-8A12-4E36-9623-2EB02B2C2303}") = "ShengDnengSetup", "ShengDnnSetup\ShengDnengSetup.isproj", "{29CA9282-A1D3-4836-AED0-C2CB603682C0}"
EndProject
Global
	GlobalSection(SolutionConfigurationPlatforms) = preSolution
		CD_ROM|Any CPU = CD_ROM|Any CPU
		CD_ROM|Mixed Platforms = CD_ROM|Mixed Platforms
		CD_ROM|x86 = CD_ROM|x86
		Debug|Any CPU = Debug|Any CPU
		Debug|Mixed Platforms = Debug|Mixed Platforms
		Debug|x86 = Debug|x86
		DVD-5|Any CPU = DVD-5|Any CPU
		DVD-5|Mixed Platforms = DVD-5|Mixed Platforms
		DVD-5|x86 = DVD-5|x86
		Release|Any CPU = Release|Any CPU
		Release|Mixed Platforms = Release|Mixed Platforms
		Release|x86 = Release|x86
		SingleImage|Any CPU = SingleImage|Any CPU
		SingleImage|Mixed Platforms = SingleImage|Mixed Platforms
		SingleImage|x86 = SingleImage|x86
	EndGlobalSection
	GlobalSection(ProjectConfigurationPlatforms) = postSolution
		{A75EF098-8072-44DB-86C5-791AC63BA341}.CD_ROM|Any CPU.ActiveCfg = Debug|x86
		{A75EF098-8072-44DB-86C5-791AC63BA341}.CD_ROM|Mixed Platforms.ActiveCfg = Debug|x86
		{A75EF098-8072-44DB-86C5-791AC63BA341}.CD_ROM|Mixed Platforms.Build.0 = Debug|x86
		{A75EF098-8072-44DB-86C5-791AC63BA341}.CD_ROM|x86.ActiveCfg = Release|x86
		{A75EF098-8072-44DB-86C5-791AC63BA341}.CD_ROM|x86.Build.0 = Release|x86
		{A75EF098-8072-44DB-86C5-791AC63BA341}.Debug|Any CPU.ActiveCfg = Debug|x86
		{A75EF098-8072-44DB-86C5-791AC63BA341}.Debug|Mixed Platforms.ActiveCfg = Debug|x86
		{A75EF098-8072-44DB-86C5-791AC63BA341}.Debug|Mixed Platforms.Build.0 = Debug|x86
		{A75EF098-8072-44DB-86C5-791AC63BA341}.Debug|x86.ActiveCfg = Debug|x86
		{A75EF098-8072-44DB-86C5-791AC63BA341}.Debug|x86.Build.0 = Debug|x86
		{A75EF098-8072-44DB-86C5-791AC63BA341}.DVD-5|Any CPU.ActiveCfg = Debug|x86
		{A75EF098-8072-44DB-86C5-791AC63BA341}.DVD-5|Mixed Platforms.ActiveCfg = Debug|x86
		{A75EF098-8072-44DB-86C5-791AC63BA341}.DVD-5|Mixed Platforms.Build.0 = Debug|x86
		{A75EF098-8072-44DB-86C5-791AC63BA341}.DVD-5|x86.ActiveCfg = Debug|x86
		{A75EF098-8072-44DB-86C5-791AC63BA341}.DVD-5|x86.Build.0 = Debug|x86
		{A75EF098-8072-44DB-86C5-791AC63BA341}.Release|Any CPU.ActiveCfg = Release|x86
		{A75EF098-8072-44DB-86C5-791AC63BA341}.Release|Mixed Platforms.ActiveCfg = Release|x86
		{A75EF098-8072-44DB-86C5-791AC63BA341}.Release|Mixed Platforms.Build.0 = Release|x86
		{A75EF098-8072-44DB-86C5-791AC63BA341}.Release|x86.ActiveCfg = Release|x86
		{A75EF098-8072-44DB-86C5-791AC63BA341}.Release|x86.Build.0 = Release|x86
		{A75EF098-8072-44DB-86C5-791AC63BA341}.SingleImage|Any CPU.ActiveCfg = Debug|x86
		{A75EF098-8072-44DB-86C5-791AC63BA341}.SingleImage|Mixed Platforms.ActiveCfg = Debug|x86
		{A75EF098-8072-44DB-86C5-791AC63BA341}.SingleImage|Mixed Platforms.Build.0 = Debug|x86
		{A75EF098-8072-44DB-86C5-791AC63BA341}.SingleImage|x86.ActiveCfg = Release|x86
		{A75EF098-8072-44DB-86C5-791AC63BA341}.SingleImage|x86.Build.0 = Release|x86
		{3B3840AC-618A-4A79-9084-593214875ED5}.CD_ROM|Any CPU.ActiveCfg = Release|Any CPU
		{3B3840AC-618A-4A79-9084-593214875ED5}.CD_ROM|Any CPU.Build.0 = Release|Any CPU
		{3B3840AC-618A-4A79-9084-593214875ED5}.CD_ROM|Mixed Platforms.ActiveCfg = Release|Any CPU
		{3B3840AC-618A-4A79-9084-593214875ED5}.CD_ROM|Mixed Platforms.Build.0 = Release|Any CPU
		{3B3840AC-618A-4A79-9084-593214875ED5}.CD_ROM|x86.ActiveCfg = Release|Any CPU
		{3B3840AC-618A-4A79-9084-593214875ED5}.Debug|Any CPU.ActiveCfg = Debug|Any CPU
		{3B3840AC-618A-4A79-9084-593214875ED5}.Debug|Any CPU.Build.0 = Debug|Any CPU
		{3B3840AC-618A-4A79-9084-593214875ED5}.Debug|Mixed Platforms.ActiveCfg = Debug|Any CPU
		{3B3840AC-618A-4A79-9084-593214875ED5}.Debug|Mixed Platforms.Build.0 = Debug|Any CPU
		{3B3840AC-618A-4A79-9084-593214875ED5}.Debug|x86.ActiveCfg = Debug|Any CPU
		{3B3840AC-618A-4A79-9084-593214875ED5}.DVD-5|Any CPU.ActiveCfg = Debug|Any CPU
		{3B3840AC-618A-4A79-9084-593214875ED5}.DVD-5|Any CPU.Build.0 = Debug|Any CPU
		{3B3840AC-618A-4A79-9084-593214875ED5}.DVD-5|Mixed Platforms.ActiveCfg = Debug|Any CPU
		{3B3840AC-618A-4A79-9084-593214875ED5}.DVD-5|Mixed Platforms.Build.0 = Debug|Any CPU
		{3B3840AC-618A-4A79-9084-593214875ED5}.DVD-5|x86.ActiveCfg = Debug|Any CPU
		{3B3840AC-618A-4A79-9084-593214875ED5}.Release|Any CPU.ActiveCfg = Release|Any CPU
		{3B3840AC-618A-4A79-9084-593214875ED5}.Release|Any CPU.Build.0 = Release|Any CPU
		{3B3840AC-618A-4A79-9084-593214875ED5}.Release|Mixed Platforms.ActiveCfg = Release|Any CPU
		{3B3840AC-618A-4A79-9084-593214875ED5}.Release|Mixed Platforms.Build.0 = Release|Any CPU
		{3B3840AC-618A-4A79-9084-593214875ED5}.Release|x86.ActiveCfg = Release|Any CPU
		{3B3840AC-618A-4A79-9084-593214875ED5}.SingleImage|Any CPU.ActiveCfg = Release|Any CPU
		{3B3840AC-618A-4A79-9084-593214875ED5}.SingleImage|Any CPU.Build.0 = Release|Any CPU
		{3B3840AC-618A-4A79-9084-593214875ED5}.SingleImage|Mixed Platforms.ActiveCfg = Release|Any CPU
		{3B3840AC-618A-4A79-9084-593214875ED5}.SingleImage|Mixed Platforms.Build.0 = Release|Any CPU
		{3B3840AC-618A-4A79-9084-593214875ED5}.SingleImage|x86.ActiveCfg = Release|Any CPU
		{29CA9282-A1D3-4836-AED0-C2CB603682C0}.CD_ROM|Any CPU.ActiveCfg = CD_ROM
		{29CA9282-A1D3-4836-AED0-C2CB603682C0}.CD_ROM|Any CPU.Build.0 = CD_ROM
		{29CA9282-A1D3-4836-AED0-C2CB603682C0}.CD_ROM|Mixed Platforms.ActiveCfg = CD_ROM
		{29CA9282-A1D3-4836-AED0-C2CB603682C0}.CD_ROM|Mixed Platforms.Build.0 = CD_ROM
		{29CA9282-A1D3-4836-AED0-C2CB603682C0}.CD_ROM|x86.ActiveCfg = CD_ROM
		{29CA9282-A1D3-4836-AED0-C2CB603682C0}.CD_ROM|x86.Build.0 = CD_ROM
		{29CA9282-A1D3-4836-AED0-C2CB603682C0}.Debug|Any CPU.ActiveCfg = DVD-5
		{29CA9282-A1D3-4836-AED0-C2CB603682C0}.Debug|Any CPU.Build.0 = DVD-5
		{29CA9282-A1D3-4836-AED0-C2CB603682C0}.Debug|Mixed Platforms.ActiveCfg = DVD-5
		{29CA9282-A1D3-4836-AED0-C2CB603682C0}.Debug|Mixed Platforms.Build.0 = DVD-5
		{29CA9282-A1D3-4836-AED0-C2CB603682C0}.Debug|x86.ActiveCfg = DVD-5
		{29CA9282-A1D3-4836-AED0-C2CB603682C0}.Debug|x86.Build.0 = DVD-5
		{29CA9282-A1D3-4836-AED0-C2CB603682C0}.DVD-5|Any CPU.ActiveCfg = DVD-5
		{29CA9282-A1D3-4836-AED0-C2CB603682C0}.DVD-5|Any CPU.Build.0 = DVD-5
		{29CA9282-A1D3-4836-AED0-C2CB603682C0}.DVD-5|Mixed Platforms.ActiveCfg = DVD-5
		{29CA9282-A1D3-4836-AED0-C2CB603682C0}.DVD-5|Mixed Platforms.Build.0 = DVD-5
		{29CA9282-A1D3-4836-AED0-C2CB603682C0}.DVD-5|x86.ActiveCfg = DVD-5
		{29CA9282-A1D3-4836-AED0-C2CB603682C0}.DVD-5|x86.Build.0 = DVD-5
		{29CA9282-A1D3-4836-AED0-C2CB603682C0}.Release|Any CPU.ActiveCfg = SingleImage
		{29CA9282-A1D3-4836-AED0-C2CB603682C0}.Release|Any CPU.Build.0 = SingleImage
		{29CA9282-A1D3-4836-AED0-C2CB603682C0}.Release|Mixed Platforms.ActiveCfg = SingleImage
		{29CA9282-A1D3-4836-AED0-C2CB603682C0}.Release|Mixed Platforms.Build.0 = SingleImage
		{29CA9282-A1D3-4836-AED0-C2CB603682C0}.Release|x86.ActiveCfg = SingleImage
		{29CA9282-A1D3-4836-AED0-C2CB603682C0}.Release|x86.Build.0 = SingleImage
		{29CA9282-A1D3-4836-AED0-C2CB603682C0}.SingleImage|Any CPU.ActiveCfg = SingleImage
		{29CA9282-A1D3-4836-AED0-C2CB603682C0}.SingleImage|Any CPU.Build.0 = SingleImage
		{29CA9282-A1D3-4836-AED0-C2CB603682C0}.SingleImage|Mixed Platforms.ActiveCfg = SingleImage
		{29CA9282-A1D3-4836-AED0-C2CB603682C0}.SingleImage|Mixed Platforms.Build.0 = SingleImage
		{29CA9282-A1D3-4836-AED0-C2CB603682C0}.SingleImage|x86.ActiveCfg = SingleImage
		{29CA9282-A1D3-4836-AED0-C2CB603682C0}.SingleImage|x86.Build.0 = SingleImage
	EndGlobalSection
	GlobalSection(SolutionProperties) = preSolution
		HideSolutionNode = FALSE
	EndGlobalSection
EndGlobal
